{
  "object": {
    "pins": [
      {
        "package": "FortuneWheel",
        "repositoryURL": "https://github.com/sameersyd/FortuneWheel.git",
        "state": {
          "branch": null,
          "revision": "2dcd0a03f34972ad96764a9ae9b4b46e94b83eeb",
          "version": "0.1.4"
        }
      }
    ]
  },
  "version": 1
}
