// !$*UTF8*$!
{
	archiveVersion = 1;
	classes = {
	};
	objectVersion = 55;
	objects = {

/* Begin PBXBuildFile section */
		307EDE592716D06D0076C50C /* ContentView.swift in Sources */ = {isa = PBXBuildFile; fileRef = 307EDE582716D06D0076C50C /* ContentView.swift */; };
		307EDE5B2716DFC20076C50C /* AnswerButtonStyle.swift in Sources */ = {isa = PBXBuildFile; fileRef = 307EDE5A2716DFC20076C50C /* AnswerButtonStyle.swift */; };
		30EF95C72716CDD700230C4C /* ADAStudentsApp.swift in Sources */ = {isa = PBXBuildFile; fileRef = 30EF95C62716CDD700230C4C /* ADAStudentsApp.swift */; };
		30EF95CB2716CDD800230C4C /* Assets.xcassets in Resources */ = {isa = PBXBuildFile; fileRef = 30EF95CA2716CDD800230C4C /* Assets.xcassets */; };
		30EF95CE2716CDD800230C4C /* Preview Assets.xcassets in Resources */ = {isa = PBXBuildFile; fileRef = 30EF95CD2716CDD800230C4C /* Preview Assets.xcassets */; };
		30EF95D72716CE7B00230C4C /* FortuneWheel in Frameworks */ = {isa = PBXBuildFile; productRef = 30EF95D62716CE7B00230C4C /* FortuneWheel */; };
		8846C6F127178B17003597CE /* QuestionView.swift in Sources */ = {isa = PBXBuildFile; fileRef = 8846C6F027178B17003597CE /* QuestionView.swift */; };
		8846C6F327178B5C003597CE /* State.swift in Sources */ = {isa = PBXBuildFile; fileRef = 8846C6F227178B5C003597CE /* State.swift */; };
		8846C6F627178BB7003597CE /* StateModels.swift in Sources */ = {isa = PBXBuildFile; fileRef = 8846C6F527178BB7003597CE /* StateModels.swift */; };
		8846C6F827178BE4003597CE /* ADAEvent.swift in Sources */ = {isa = PBXBuildFile; fileRef = 8846C6F727178BE4003597CE /* ADAEvent.swift */; };
		8846C6FA27178BF2003597CE /* ViewModels.swift in Sources */ = {isa = PBXBuildFile; fileRef = 8846C6F927178BF2003597CE /* ViewModels.swift */; };
		8846C70027178D6F003597CE /* State+viewModel.swift in Sources */ = {isa = PBXBuildFile; fileRef = 8846C6FF27178D6F003597CE /* State+viewModel.swift */; };
		8846C702271790DE003597CE /* State+model.swift in Sources */ = {isa = PBXBuildFile; fileRef = 8846C701271790DE003597CE /* State+model.swift */; };
		8854A9042717289800002FA7 /* FSM.swift in Sources */ = {isa = PBXBuildFile; fileRef = 8854A9032717289800002FA7 /* FSM.swift */; };
/* End PBXBuildFile section */

/* Begin PBXFileReference section */
		307EDE582716D06D0076C50C /* ContentView.swift */ = {isa = PBXFileReference; lastKnownFileType = sourcecode.swift; path = ContentView.swift; sourceTree = "<group>"; };
		307EDE5A2716DFC20076C50C /* AnswerButtonStyle.swift */ = {isa = PBXFileReference; lastKnownFileType = sourcecode.swift; path = AnswerButtonStyle.swift; sourceTree = "<group>"; };
		30EF95C32716CDD700230C4C /* ADAStudents.app */ = {isa = PBXFileReference; explicitFileType = wrapper.application; includeInIndex = 0; path = ADAStudents.app; sourceTree = BUILT_PRODUCTS_DIR; };
		30EF95C62716CDD700230C4C /* ADAStudentsApp.swift */ = {isa = PBXFileReference; lastKnownFileType = sourcecode.swift; path = ADAStudentsApp.swift; sourceTree = "<group>"; };
		30EF95CA2716CDD800230C4C /* Assets.xcassets */ = {isa = PBXFileReference; lastKnownFileType = folder.assetcatalog; path = Assets.xcassets; sourceTree = "<group>"; };
		30EF95CD2716CDD800230C4C /* Preview Assets.xcassets */ = {isa = PBXFileReference; lastKnownFileType = folder.assetcatalog; path = "Preview Assets.xcassets"; sourceTree = "<group>"; };
		30EF95D42716CDFA00230C4C /* ADAStudents.playground */ = {isa = PBXFileReference; lastKnownFileType = file.playground; path = ADAStudents.playground; sourceTree = "<group>"; xcLanguageSpecificationIdentifier = xcode.lang.swift; };
		8846C6F027178B17003597CE /* QuestionView.swift */ = {isa = PBXFileReference; lastKnownFileType = sourcecode.swift; path = QuestionView.swift; sourceTree = "<group>"; };
		8846C6F227178B5C003597CE /* State.swift */ = {isa = PBXFileReference; lastKnownFileType = sourcecode.swift; path = State.swift; sourceTree = "<group>"; };
		8846C6F527178BB7003597CE /* StateModels.swift */ = {isa = PBXFileReference; lastKnownFileType = sourcecode.swift; path = StateModels.swift; sourceTree = "<group>"; };
		8846C6F727178BE4003597CE /* ADAEvent.swift */ = {isa = PBXFileReference; lastKnownFileType = sourcecode.swift; path = ADAEvent.swift; sourceTree = "<group>"; };
		8846C6F927178BF2003597CE /* ViewModels.swift */ = {isa = PBXFileReference; lastKnownFileType = sourcecode.swift; path = ViewModels.swift; sourceTree = "<group>"; };
		8846C6FF27178D6F003597CE /* State+viewModel.swift */ = {isa = PBXFileReference; lastKnownFileType = sourcecode.swift; path = "State+viewModel.swift"; sourceTree = "<group>"; };
		8846C701271790DE003597CE /* State+model.swift */ = {isa = PBXFileReference; lastKnownFileType = sourcecode.swift; path = "State+model.swift"; sourceTree = "<group>"; };
		8854A9032717289800002FA7 /* FSM.swift */ = {isa = PBXFileReference; lastKnownFileType = sourcecode.swift; path = FSM.swift; sourceTree = "<group>"; };
/* End PBXFileReference section */

/* Begin PBXFrameworksBuildPhase section */
		30EF95C02716CDD700230C4C /* Frameworks */ = {
			isa = PBXFrameworksBuildPhase;
			buildActionMask = 2147483647;
			files = (
				30EF95D72716CE7B00230C4C /* FortuneWheel in Frameworks */,
			);
			runOnlyForDeploymentPostprocessing = 0;
		};
/* End PBXFrameworksBuildPhase section */

/* Begin PBXGroup section */
		30EF95BA2716CDD600230C4C = {
			isa = PBXGroup;
			children = (
				30EF95D42716CDFA00230C4C /* ADAStudents.playground */,
				30EF95C52716CDD700230C4C /* ADAStudents */,
				30EF95C42716CDD700230C4C /* Products */,
			);
			sourceTree = "<group>";
		};
		30EF95C42716CDD700230C4C /* Products */ = {
			isa = PBXGroup;
			children = (
				30EF95C32716CDD700230C4C /* ADAStudents.app */,
			);
			name = Products;
			sourceTree = "<group>";
		};
		30EF95C52716CDD700230C4C /* ADAStudents */ = {
			isa = PBXGroup;
			children = (
				8846C6FC27178C41003597CE /* Logic */,
				8846C6FE27178D53003597CE /* Presentation */,
				8846C6FD27178C56003597CE /* View */,
				30EF95CA2716CDD800230C4C /* Assets.xcassets */,
				30EF95CC2716CDD800230C4C /* Preview Content */,
			);
			path = ADAStudents;
			sourceTree = "<group>";
		};
		30EF95CC2716CDD800230C4C /* Preview Content */ = {
			isa = PBXGroup;
			children = (
				30EF95CD2716CDD800230C4C /* Preview Assets.xcassets */,
			);
			path = "Preview Content";
			sourceTree = "<group>";
		};
		8846C6FC27178C41003597CE /* Logic */ = {
			isa = PBXGroup;
			children = (
				8846C6F227178B5C003597CE /* State.swift */,
				8846C701271790DE003597CE /* State+model.swift */,
				8854A9032717289800002FA7 /* FSM.swift */,
				8846C6F727178BE4003597CE /* ADAEvent.swift */,
				8846C6F527178BB7003597CE /* StateModels.swift */,
			);
			path = Logic;
			sourceTree = "<group>";
		};
		8846C6FD27178C56003597CE /* View */ = {
			isa = PBXGroup;
			children = (
				30EF95C62716CDD700230C4C /* ADAStudentsApp.swift */,
				307EDE582716D06D0076C50C /* ContentView.swift */,
				8846C6F027178B17003597CE /* QuestionView.swift */,
				307EDE5A2716DFC20076C50C /* AnswerButtonStyle.swift */,
			);
			path = View;
			sourceTree = "<group>";
		};
		8846C6FE27178D53003597CE /* Presentation */ = {
			isa = PBXGroup;
			children = (
				8846C6F927178BF2003597CE /* ViewModels.swift */,
				8846C6FF27178D6F003597CE /* State+viewModel.swift */,
			);
			path = Presentation;
			sourceTree = "<group>";
		};
/* End PBXGroup section */

/* Begin PBXNativeTarget section */
		30EF95C22716CDD700230C4C /* ADAStudents */ = {
			isa = PBXNativeTarget;
			buildConfigurationList = 30EF95D12716CDD800230C4C /* Build configuration list for PBXNativeTarget "ADAStudents" */;
			buildPhases = (
				30EF95BF2716CDD700230C4C /* Sources */,
				30EF95C02716CDD700230C4C /* Frameworks */,
				30EF95C12716CDD700230C4C /* Resources */,
			);
			buildRules = (
			);
			dependencies = (
			);
			name = ADAStudents;
			packageProductDependencies = (
				30EF95D62716CE7B00230C4C /* FortuneWheel */,
			);
			productName = ADAStudents;
			productReference = 30EF95C32716CDD700230C4C /* ADAStudents.app */;
			productType = "com.apple.product-type.application";
		};
/* End PBXNativeTarget section */

/* Begin PBXProject section */
		30EF95BB2716CDD600230C4C /* Project object */ = {
			isa = PBXProject;
			attributes = {
				BuildIndependentTargetsInParallel = 1;
				LastSwiftUpdateCheck = 1300;
				LastUpgradeCheck = 1300;
				TargetAttributes = {
					30EF95C22716CDD700230C4C = {
						CreatedOnToolsVersion = 13.0;
					};
				};
			};
			buildConfigurationList = 30EF95BE2716CDD700230C4C /* Build configuration list for PBXProject "ADAStudents" */;
			compatibilityVersion = "Xcode 13.0";
			developmentRegion = en;
			hasScannedForEncodings = 0;
			knownRegions = (
				en,
				Base,
			);
			mainGroup = 30EF95BA2716CDD600230C4C;
			packageReferences = (
				30EF95D52716CE7B00230C4C /* XCRemoteSwiftPackageReference "FortuneWheel" */,
			);
			productRefGroup = 30EF95C42716CDD700230C4C /* Products */;
			projectDirPath = "";
			projectRoot = "";
			targets = (
				30EF95C22716CDD700230C4C /* ADAStudents */,
			);
		};
/* End PBXProject section */

/* Begin PBXResourcesBuildPhase section */
		30EF95C12716CDD700230C4C /* Resources */ = {
			isa = PBXResourcesBuildPhase;
			buildActionMask = 2147483647;
			files = (
				30EF95CE2716CDD800230C4C /* Preview Assets.xcassets in Resources */,
				30EF95CB2716CDD800230C4C /* Assets.xcassets in Resources */,
			);
			runOnlyForDeploymentPostprocessing = 0;
		};
/* End PBXResourcesBuildPhase section */

/* Begin PBXSourcesBuildPhase section */
		30EF95BF2716CDD700230C4C /* Sources */ = {
			isa = PBXSourcesBuildPhase;
			buildActionMask = 2147483647;
			files = (
				8846C6F327178B5C003597CE /* State.swift in Sources */,
				8846C6F827178BE4003597CE /* ADAEvent.swift in Sources */,
				8846C702271790DE003597CE /* State+model.swift in Sources */,
				8846C6F627178BB7003597CE /* StateModels.swift in Sources */,
				8846C6FA27178BF2003597CE /* ViewModels.swift in Sources */,
				8846C70027178D6F003597CE /* State+viewModel.swift in Sources */,
				8846C6F127178B17003597CE /* QuestionView.swift in Sources */,
				307EDE592716D06D0076C50C /* ContentView.swift in Sources */,
				30EF95C72716CDD700230C4C /* ADAStudentsApp.swift in Sources */,
				8854A9042717289800002FA7 /* FSM.swift in Sources */,
				307EDE5B2716DFC20076C50C /* AnswerButtonStyle.swift in Sources */,
			);
			runOnlyForDeploymentPostprocessing = 0;
		};
/* End PBXSourcesBuildPhase section */

/* Begin XCBuildConfiguration section */
		30EF95CF2716CDD800230C4C /* Debug */ = {
			isa = XCBuildConfiguration;
			buildSettings = {
				ALWAYS_SEARCH_USER_PATHS = NO;
				CLANG_ANALYZER_NONNULL = YES;
				CLANG_ANALYZER_NUMBER_OBJECT_CONVERSION = YES_AGGRESSIVE;
				CLANG_CXX_LANGUAGE_STANDARD = "gnu++17";
				CLANG_CXX_LIBRARY = "libc++";
				CLANG_ENABLE_MODULES = YES;
				CLANG_ENABLE_OBJC_ARC = YES;
				CLANG_ENABLE_OBJC_WEAK = YES;
				CLANG_WARN_BLOCK_CAPTURE_AUTORELEASING = YES;
				CLANG_WARN_BOOL_CONVERSION = YES;
				CLANG_WARN_COMMA = YES;
				CLANG_WARN_CONSTANT_CONVERSION = YES;
				CLANG_WARN_DEPRECATED_OBJC_IMPLEMENTATIONS = YES;
				CLANG_WARN_DIRECT_OBJC_ISA_USAGE = YES_ERROR;
				CLANG_WARN_DOCUMENTATION_COMMENTS = YES;
				CLANG_WARN_EMPTY_BODY = YES;
				CLANG_WARN_ENUM_CONVERSION = YES;
				CLANG_WARN_INFINITE_RECURSION = YES;
				CLANG_WARN_INT_CONVERSION = YES;
				CLANG_WARN_NON_LITERAL_NULL_CONVERSION = YES;
				CLANG_WARN_OBJC_IMPLICIT_RETAIN_SELF = YES;
				CLANG_WARN_OBJC_LITERAL_CONVERSION = YES;
				CLANG_WARN_OBJC_ROOT_CLASS = YES_ERROR;
				CLANG_WARN_QUOTED_INCLUDE_IN_FRAMEWORK_HEADER = YES;
				CLANG_WARN_RANGE_LOOP_ANALYSIS = YES;
				CLANG_WARN_STRICT_PROTOTYPES = YES;
				CLANG_WARN_SUSPICIOUS_MOVE = YES;
				CLANG_WARN_UNGUARDED_AVAILABILITY = YES_AGGRESSIVE;
				CLANG_WARN_UNREACHABLE_CODE = YES;
				CLANG_WARN__DUPLICATE_METHOD_MATCH = YES;
				COPY_PHASE_STRIP = NO;
				DEBUG_INFORMATION_FORMAT = dwarf;
				ENABLE_STRICT_OBJC_MSGSEND = YES;
				ENABLE_TESTABILITY = YES;
				GCC_C_LANGUAGE_STANDARD = gnu11;
				GCC_DYNAMIC_NO_PIC = NO;
				GCC_NO_COMMON_BLOCKS = YES;
				GCC_OPTIMIZATION_LEVEL = 0;
				GCC_PREPROCESSOR_DEFINITIONS = (
					"DEBUG=1",
					"$(inherited)",
				);
				GCC_WARN_64_TO_32_BIT_CONVERSION = YES;
				GCC_WARN_ABOUT_RETURN_TYPE = YES_ERROR;
				GCC_WARN_UNDECLARED_SELECTOR = YES;
				GCC_WARN_UNINITIALIZED_AUTOS = YES_AGGRESSIVE;
				GCC_WARN_UNUSED_FUNCTION = YES;
				GCC_WARN_UNUSED_VARIABLE = YES;
				IPHONEOS_DEPLOYMENT_TARGET = 15.0;
				MTL_ENABLE_DEBUG_INFO = INCLUDE_SOURCE;
				MTL_FAST_MATH = YES;
				ONLY_ACTIVE_ARCH = YES;
				SDKROOT = iphoneos;
				SWIFT_ACTIVE_COMPILATION_CONDITIONS = DEBUG;
				SWIFT_OPTIMIZATION_LEVEL = "-Onone";
			};
			name = Debug;
		};
		30EF95D02716CDD800230C4C /* Release */ = {
			isa = XCBuildConfiguration;
			buildSettings = {
				ALWAYS_SEARCH_USER_PATHS = NO;
				CLANG_ANALYZER_NONNULL = YES;
				CLANG_ANALYZER_NUMBER_OBJECT_CONVERSION = YES_AGGRESSIVE;
				CLANG_CXX_LANGUAGE_STANDARD = "gnu++17";
				CLANG_CXX_LIBRARY = "libc++";
				CLANG_ENABLE_MODULES = YES;
				CLANG_ENABLE_OBJC_ARC = YES;
				CLANG_ENABLE_OBJC_WEAK = YES;
				CLANG_WARN_BLOCK_CAPTURE_AUTORELEASING = YES;
				CLANG_WARN_BOOL_CONVERSION = YES;
				CLANG_WARN_COMMA = YES;
				CLANG_WARN_CONSTANT_CONVERSION = YES;
				CLANG_WARN_DEPRECATED_OBJC_IMPLEMENTATIONS = YES;
				CLANG_WARN_DIRECT_OBJC_ISA_USAGE = YES_ERROR;
				CLANG_WARN_DOCUMENTATION_COMMENTS = YES;
				CLANG_WARN_EMPTY_BODY = YES;
				CLANG_WARN_ENUM_CONVERSION = YES;
				CLANG_WARN_INFINITE_RECURSION = YES;
				CLANG_WARN_INT_CONVERSION = YES;
				CLANG_WARN_NON_LITERAL_NULL_CONVERSION = YES;
				CLANG_WARN_OBJC_IMPLICIT_RETAIN_SELF = YES;
				CLANG_WARN_OBJC_LITERAL_CONVERSION = YES;
				CLANG_WARN_OBJC_ROOT_CLASS = YES_ERROR;
				CLANG_WARN_QUOTED_INCLUDE_IN_FRAMEWORK_HEADER = YES;
				CLANG_WARN_RANGE_LOOP_ANALYSIS = YES;
				CLANG_WARN_STRICT_PROTOTYPES = YES;
				CLANG_WARN_SUSPICIOUS_MOVE = YES;
				CLANG_WARN_UNGUARDED_AVAILABILITY = YES_AGGRESSIVE;
				CLANG_WARN_UNREACHABLE_CODE = YES;
				CLANG_WARN__DUPLICATE_METHOD_MATCH = YES;
				COPY_PHASE_STRIP = NO;
				DEBUG_INFORMATION_FORMAT = "dwarf-with-dsym";
				ENABLE_NS_ASSERTIONS = NO;
				ENABLE_STRICT_OBJC_MSGSEND = YES;
				GCC_C_LANGUAGE_STANDARD = gnu11;
				GCC_NO_COMMON_BLOCKS = YES;
				GCC_WARN_64_TO_32_BIT_CONVERSION = YES;
				GCC_WARN_ABOUT_RETURN_TYPE = YES_ERROR;
				GCC_WARN_UNDECLARED_SELECTOR = YES;
				GCC_WARN_UNINITIALIZED_AUTOS = YES_AGGRESSIVE;
				GCC_WARN_UNUSED_FUNCTION = YES;
				GCC_WARN_UNUSED_VARIABLE = YES;
				IPHONEOS_DEPLOYMENT_TARGET = 15.0;
				MTL_ENABLE_DEBUG_INFO = NO;
				MTL_FAST_MATH = YES;
				SDKROOT = iphoneos;
				SWIFT_COMPILATION_MODE = wholemodule;
				SWIFT_OPTIMIZATION_LEVEL = "-O";
				VALIDATE_PRODUCT = YES;
			};
			name = Release;
		};
		30EF95D22716CDD800230C4C /* Debug */ = {
			isa = XCBuildConfiguration;
			buildSettings = {
				ASSETCATALOG_COMPILER_APPICON_NAME = AppIcon;
				ASSETCATALOG_COMPILER_GLOBAL_ACCENT_COLOR_NAME = AccentColor;
				CODE_SIGN_STYLE = Automatic;
				CURRENT_PROJECT_VERSION = 1;
				DEVELOPMENT_ASSET_PATHS = "\"ADAStudents/Preview Content\"";
				DEVELOPMENT_TEAM = 2AB5X5S74A;
				ENABLE_PREVIEWS = YES;
				GENERATE_INFOPLIST_FILE = YES;
				INFOPLIST_KEY_UIApplicationSceneManifest_Generation = YES;
				INFOPLIST_KEY_UIApplicationSupportsIndirectInputEvents = YES;
				INFOPLIST_KEY_UILaunchScreen_Generation = YES;
				INFOPLIST_KEY_UISupportedInterfaceOrientations_iPad = "UIInterfaceOrientationPortrait UIInterfaceOrientationPortraitUpsideDown UIInterfaceOrientationLandscapeLeft UIInterfaceOrientationLandscapeRight";
				INFOPLIST_KEY_UISupportedInterfaceOrientations_iPhone = "UIInterfaceOrientationPortrait UIInterfaceOrientationLandscapeLeft UIInterfaceOrientationLandscapeRight";
				IPHONEOS_DEPLOYMENT_TARGET = 14.0;
				LD_RUNPATH_SEARCH_PATHS = (
					"$(inherited)",
					"@executable_path/Frameworks",
				);
				MARKETING_VERSION = 1.0;
				PRODUCT_BUNDLE_IDENTIFIER = com.romanmazeev.ADAStudents;
				PRODUCT_NAME = "$(TARGET_NAME)";
				SWIFT_EMIT_LOC_STRINGS = YES;
				SWIFT_VERSION = 5.0;
				TARGETED_DEVICE_FAMILY = "1,2";
			};
			name = Debug;
		};
		30EF95D32716CDD800230C4C /* Release */ = {
			isa = XCBuildConfiguration;
			buildSettings = {
				ASSETCATALOG_COMPILER_APPICON_NAME = AppIcon;
				ASSETCATALOG_COMPILER_GLOBAL_ACCENT_COLOR_NAME = AccentColor;
				CODE_SIGN_STYLE = Automatic;
				CURRENT_PROJECT_VERSION = 1;
				DEVELOPMENT_ASSET_PATHS = "\"ADAStudents/Preview Content\"";
				DEVELOPMENT_TEAM = 2AB5X5S74A;
				ENABLE_PREVIEWS = YES;
				GENERATE_INFOPLIST_FILE = YES;
				INFOPLIST_KEY_UIApplicationSceneManifest_Generation = YES;
				INFOPLIST_KEY_UIApplicationSupportsIndirectInputEvents = YES;
				INFOPLIST_KEY_UILaunchScreen_Generation = YES;
				INFOPLIST_KEY_UISupportedInterfaceOrientations_iPad = "UIInterfaceOrientationPortrait UIInterfaceOrientationPortraitUpsideDown UIInterfaceOrientationLandscapeLeft UIInterfaceOrientationLandscapeRight";
				INFOPLIST_KEY_UISupportedInterfaceOrientations_iPhone = "UIInterfaceOrientationPortrait UIInterfaceOrientationLandscapeLeft UIInterfaceOrientationLandscapeRight";
				IPHONEOS_DEPLOYMENT_TARGET = 14.0;
				LD_RUNPATH_SEARCH_PATHS = (
					"$(inherited)",
					"@executable_path/Frameworks",
				);
				MARKETING_VERSION = 1.0;
				PRODUCT_BUNDLE_IDENTIFIER = com.romanmazeev.ADAStudents;
				PRODUCT_NAME = "$(TARGET_NAME)";
				SWIFT_EMIT_LOC_STRINGS = YES;
				SWIFT_VERSION = 5.0;
				TARGETED_DEVICE_FAMILY = "1,2";
			};
			name = Release;
		};
/* End XCBuildConfiguration section */

/* Begin XCConfigurationList section */
		30EF95BE2716CDD700230C4C /* Build configuration list for PBXProject "ADAStudents" */ = {
			isa = XCConfigurationList;
			buildConfigurations = (
				30EF95CF2716CDD800230C4C /* Debug */,
				30EF95D02716CDD800230C4C /* Release */,
			);
			defaultConfigurationIsVisible = 0;
			defaultConfigurationName = Release;
		};
		30EF95D12716CDD800230C4C /* Build configuration list for PBXNativeTarget "ADAStudents" */ = {
			isa = XCConfigurationList;
			buildConfigurations = (
				30EF95D22716CDD800230C4C /* Debug */,
				30EF95D32716CDD800230C4C /* Release */,
			);
			defaultConfigurationIsVisible = 0;
			defaultConfigurationName = Release;
		};
/* End XCConfigurationList section */

/* Begin XCRemoteSwiftPackageReference section */
		30EF95D52716CE7B00230C4C /* XCRemoteSwiftPackageReference "FortuneWheel" */ = {
			isa = XCRemoteSwiftPackageReference;
			repositoryURL = "https://github.com/sameersyd/FortuneWheel.git";
			requirement = {
				kind = upToNextMajorVersion;
				minimumVersion = 0.1.4;
			};
		};
/* End XCRemoteSwiftPackageReference section */

/* Begin XCSwiftPackageProductDependency section */
		30EF95D62716CE7B00230C4C /* FortuneWheel */ = {
			isa = XCSwiftPackageProductDependency;
			package = 30EF95D52716CE7B00230C4C /* XCRemoteSwiftPackageReference "FortuneWheel" */;
			productName = FortuneWheel;
		};
/* End XCSwiftPackageProductDependency section */
	};
	rootObject = 30EF95BB2716CDD600230C4C /* Project object */;
}
